PODS:
  - Masonry (0.5.3)
  - SVProgressHUD (2.1.2)
  - YYCache (1.0.4)
  - YYImage (1.0.4):
    - YYImage/Core (= 1.0.4)
  - YYImage/Core (1.0.4)
  - YYWebImage (1.0.3):
    - YYCache
    - YYImage
  - ZYVideoPlayView (1.0.2)

DEPENDENCIES:
  - Masonry (= 0.5.3)
  - SVProgressHUD (= 2.1.2)
  - YYWebImage (= 1.0.3)
  - ZYVideoPlayView

SPEC REPOS:
  https://github.com/CocoaPods/Specs.git:
    - Masonry
    - SVProgressHUD
    - YYCache
    - YYImage
    - YYWebImage
    - ZYVideoPlayView

SPEC CHECKSUMS:
  Masonry: 9f515466afe48632562342a40a1c224071a1a022
  SVProgressHUD: c404a55d78acbeb7ebb78b76d3faf986475a6994
  YYCache: 8105b6638f5e849296c71f331ff83891a4942952
  YYImage: 1e1b62a9997399593e4b9c4ecfbbabbf1d3f3b54
  YYWebImage: 8da75a611fd0d2e0f58a273f9ca0bc731614cb0d
  ZYVideoPlayView: 7beb0e081eb85ed024cddb8c262e138dff3e6a48

PODFILE CHECKSUM: 56ec16d33557bdea8745d74456b0bf1eb62fd8ce

COCOAPODS: 1.5.0
